
Microsoft Visual Studio Solution File, Format Version 12.00
# Visual Studio Version 17
VisualStudioVersion = 17.6.33717.318
MinimumVisualStudioVersion = 10.0.40219.1
Project("{FAE04EC0-301F-11D3-BF4B-00C04F79EFBC}") = "WindowsFormsAppCamera", "WindowsFormsAppCamera\WindowsFormsAppCamera.csproj", "{AF1E16CC-D01C-48A8-B32E-FA63C7A9CDBB}"
EndProject
Global
	GlobalSection(SolutionConfigurationPlatforms) = preSolution
		Debug|Any CPU = Debug|Any CPU
		Release|Any CPU = Release|Any CPU
	EndGlobalSection
	GlobalSection(ProjectConfigurationPlatforms) = postSolution
		{AF1E16CC-D01C-48A8-B32E-FA63C7A9CDBB}.Debug|Any CPU.ActiveCfg = Debug|Any CPU
		{AF1E16CC-D01C-48A8-B32E-FA63C7A9CDBB}.Debug|Any CPU.Build.0 = Debug|Any CPU
		{AF1E16CC-D01C-48A8-B32E-FA63C7A9CDBB}.Release|Any CPU.ActiveCfg = Release|Any CPU
		{AF1E16CC-D01C-48A8-B32E-FA63C7A9CDBB}.Release|Any CPU.Build.0 = Release|Any CPU
	EndGlobalSection
	GlobalSection(SolutionProperties) = preSolution
		HideSolutionNode = FALSE
	EndGlobalSection
	GlobalSection(ExtensibilityGlobals) = postSolution
		SolutionGuid = {6084445D-7977-4526-8D8E-BFC1A210CCDF}
	EndGlobalSection
EndGlobal
